
Microsoft Visual Studio Solution File, Format Version 12.00
# Visual Studio Version 16
VisualStudioVersion = 16.0.30804.86
MinimumVisualStudioVersion = 10.0.40219.1
Project("{FAE04EC0-301F-11D3-BF4B-00C04F79EFBC}") = "ObjectToExcelFile", "ObjectToExcelFile\ObjectToExcelFile.csproj", "{D278BD13-3412-44A1-B86A-EC962F7880B5}"
EndProject
Project("{FAE04EC0-301F-11D3-BF4B-00C04F79EFBC}") = "AutoOpenXml", "AutoOpenXml\AutoOpenXml.csproj", "{208CB1BF-538E-41D8-871B-8E81856D2692}"
EndProject
Global
	GlobalSection(SolutionConfigurationPlatforms) = preSolution
		Debug|Any CPU = Debug|Any CPU
		Release|Any CPU = Release|Any CPU
	EndGlobalSection
	GlobalSection(ProjectConfigurationPlatforms) = postSolution
		{D278BD13-3412-44A1-B86A-EC962F7880B5}.Debug|Any CPU.ActiveCfg = Debug|Any CPU
		{D278BD13-3412-44A1-B86A-EC962F7880B5}.Debug|Any CPU.Build.0 = Debug|Any CPU
		{D278BD13-3412-44A1-B86A-EC962F7880B5}.Release|Any CPU.ActiveCfg = Release|Any CPU
		{D278BD13-3412-44A1-B86A-EC962F7880B5}.Release|Any CPU.Build.0 = Release|Any CPU
		{208CB1BF-538E-41D8-871B-8E81856D2692}.Debug|Any CPU.ActiveCfg = Debug|Any CPU
		{208CB1BF-538E-41D8-871B-8E81856D2692}.Debug|Any CPU.Build.0 = Debug|Any CPU
		{208CB1BF-538E-41D8-871B-8E81856D2692}.Release|Any CPU.ActiveCfg = Release|Any CPU
		{208CB1BF-538E-41D8-871B-8E81856D2692}.Release|Any CPU.Build.0 = Release|Any CPU
	EndGlobalSection
	GlobalSection(SolutionProperties) = preSolution
		HideSolutionNode = FALSE
	EndGlobalSection
	GlobalSection(ExtensibilityGlobals) = postSolution
		SolutionGuid = {C58433F0-15BA-4F52-9F5B-B54D8307604B}
	EndGlobalSection
EndGlobal
